
Microsoft Visual Studio Solution File, Format Version 12.00
# Visual Studio Version 17
VisualStudioVersion = 17.5.002.0
MinimumVisualStudioVersion = 10.0.40219.1
Project("{2150E333-8FDC-42A3-9474-1A3956D46DE8}") = "CsharpProjects", "CsharpProjects", "{78AEE1BE-BF83-4456-889C-DE1D4291CEFC}"
EndProject
Project("{9A19103F-16F7-4668-BE54-9A1E7A4F7556}") = "TestProject", "CsharpProjects\TestProject\TestProject.csproj", "{775AFC96-9876-45C7-8EFA-50D8C40A4368}"
EndProject
Global
	GlobalSection(SolutionConfigurationPlatforms) = preSolution
		Debug|Any CPU = Debug|Any CPU
		Release|Any CPU = Release|Any CPU
	EndGlobalSection
	GlobalSection(ProjectConfigurationPlatforms) = postSolution
		{775AFC96-9876-45C7-8EFA-50D8C40A4368}.Debug|Any CPU.ActiveCfg = Debug|Any CPU
		{775AFC96-9876-45C7-8EFA-50D8C40A4368}.Debug|Any CPU.Build.0 = Debug|Any CPU
		{775AFC96-9876-45C7-8EFA-50D8C40A4368}.Release|Any CPU.ActiveCfg = Release|Any CPU
		{775AFC96-9876-45C7-8EFA-50D8C40A4368}.Release|Any CPU.Build.0 = Release|Any CPU
	EndGlobalSection
	GlobalSection(SolutionProperties) = preSolution
		HideSolutionNode = FALSE
	EndGlobalSection
	GlobalSection(NestedProjects) = preSolution
		{775AFC96-9876-45C7-8EFA-50D8C40A4368} = {78AEE1BE-BF83-4456-889C-DE1D4291CEFC}
	EndGlobalSection
	GlobalSection(ExtensibilityGlobals) = postSolution
		SolutionGuid = {C4786493-EB9C-42B4-A564-619BC842063B}
	EndGlobalSection
EndGlobal
